
Microsoft Visual Studio Solution File, Format Version 12.00
# Visual Studio Version 16
VisualStudioVersion = 16.0.30503.244
MinimumVisualStudioVersion = 10.0.40219.1
Project("{8BC9CEB8-8B4A-11D0-8D11-00A0C91BC942}") = "1", "1\1.vcxproj", "{D0C09E5A-BB19-443B-8049-C30F43EDDCDE}"
EndProject
Project("{8BC9CEB8-8B4A-11D0-8D11-00A0C91BC942}") = "2", "2\2.vcxproj", "{8554E234-A70F-4C6A-AE4A-F6AC97FA5093}"
EndProject
Project("{8BC9CEB8-8B4A-11D0-8D11-00A0C91BC942}") = "3", "3\3.vcxproj", "{57A75294-81F7-493F-955D-EEFD72854B32}"
EndProject
Project("{8BC9CEB8-8B4A-11D0-8D11-00A0C91BC942}") = "4", "4\4.vcxproj", "{BF4AFF33-78A1-4463-92F9-674431C8B4E5}"
EndProject
Project("{8BC9CEB8-8B4A-11D0-8D11-00A0C91BC942}") = "5", "5\5.vcxproj", "{36FF5B14-A73A-40A7-95D0-906E1FC29756}"
EndProject
Project("{8BC9CEB8-8B4A-11D0-8D11-00A0C91BC942}") = "6", "6\6.vcxproj", "{16D87B90-0C9F-45F0-B2C6-EF83212127BD}"
EndProject
Project("{8BC9CEB8-8B4A-11D0-8D11-00A0C91BC942}") = "7", "7\7.vcxproj", "{FB0C8270-5D44-4128-B00C-EEC543D10E6B}"
EndProject
Project("{8BC9CEB8-8B4A-11D0-8D11-00A0C91BC942}") = "8", "8\8.vcxproj", "{C2C873C2-9366-4670-9D4A-361F4150BA8B}"
EndProject
Project("{8BC9CEB8-8B4A-11D0-8D11-00A0C91BC942}") = "9", "9\9.vcxproj", "{79ADC949-DD04-4B7C-987A-F634A7011DD0}"
EndProject
Project("{8BC9CEB8-8B4A-11D0-8D11-00A0C91BC942}") = "10", "10\10.vcxproj", "{2F437701-A08A-40CE-9352-12608167FD50}"
EndProject
Global
	GlobalSection(SolutionConfigurationPlatforms) = preSolution
		Debug|x64 = Debug|x64
		Debug|x86 = Debug|x86
		Release|x64 = Release|x64
		Release|x86 = Release|x86
	EndGlobalSection
	GlobalSection(ProjectConfigurationPlatforms) = postSolution
		{D0C09E5A-BB19-443B-8049-C30F43EDDCDE}.Debug|x64.ActiveCfg = Debug|x64
		{D0C09E5A-BB19-443B-8049-C30F43EDDCDE}.Debug|x64.Build.0 = Debug|x64
		{D0C09E5A-BB19-443B-8049-C30F43EDDCDE}.Debug|x86.ActiveCfg = Debug|Win32
		{D0C09E5A-BB19-443B-8049-C30F43EDDCDE}.Debug|x86.Build.0 = Debug|Win32
		{D0C09E5A-BB19-443B-8049-C30F43EDDCDE}.Release|x64.ActiveCfg = Release|x64
		{D0C09E5A-BB19-443B-8049-C30F43EDDCDE}.Release|x64.Build.0 = Release|x64
		{D0C09E5A-BB19-443B-8049-C30F43EDDCDE}.Release|x86.ActiveCfg = Release|Win32
		{D0C09E5A-BB19-443B-8049-C30F43EDDCDE}.Release|x86.Build.0 = Release|Win32
		{8554E234-A70F-4C6A-AE4A-F6AC97FA5093}.Debug|x64.ActiveCfg = Debug|x64
		{8554E234-A70F-4C6A-AE4A-F6AC97FA5093}.Debug|x64.Build.0 = Debug|x64
		{8554E234-A70F-4C6A-AE4A-F6AC97FA5093}.Debug|x86.ActiveCfg = Debug|Win32
		{8554E234-A70F-4C6A-AE4A-F6AC97FA5093}.Debug|x86.Build.0 = Debug|Win32
		{8554E234-A70F-4C6A-AE4A-F6AC97FA5093}.Release|x64.ActiveCfg = Release|x64
		{8554E234-A70F-4C6A-AE4A-F6AC97FA5093}.Release|x64.Build.0 = Release|x64
		{8554E234-A70F-4C6A-AE4A-F6AC97FA5093}.Release|x86.ActiveCfg = Release|Win32
		{8554E234-A70F-4C6A-AE4A-F6AC97FA5093}.Release|x86.Build.0 = Release|Win32
		{57A75294-81F7-493F-955D-EEFD72854B32}.Debug|x64.ActiveCfg = Debug|x64
		{57A75294-81F7-493F-955D-EEFD72854B32}.Debug|x64.Build.0 = Debug|x64
		{57A75294-81F7-493F-955D-EEFD72854B32}.Debug|x86.ActiveCfg = Debug|Win32
		{57A75294-81F7-493F-955D-EEFD72854B32}.Debug|x86.Build.0 = Debug|Win32
		{57A75294-81F7-493F-955D-EEFD72854B32}.Release|x64.ActiveCfg = Release|x64
		{57A75294-81F7-493F-955D-EEFD72854B32}.Release|x64.Build.0 = Release|x64
		{57A75294-81F7-493F-955D-EEFD72854B32}.Release|x86.ActiveCfg = Release|Win32
		{57A75294-81F7-493F-955D-EEFD72854B32}.Release|x86.Build.0 = Release|Win32
		{BF4AFF33-78A1-4463-92F9-674431C8B4E5}.Debug|x64.ActiveCfg = Debug|x64
		{BF4AFF33-78A1-4463-92F9-674431C8B4E5}.Debug|x64.Build.0 = Debug|x64
		{BF4AFF33-78A1-4463-92F9-674431C8B4E5}.Debug|x86.ActiveCfg = Debug|Win32
		{BF4AFF33-78A1-4463-92F9-674431C8B4E5}.Debug|x86.Build.0 = Debug|Win32
		{BF4AFF33-78A1-4463-92F9-674431C8B4E5}.Release|x64.ActiveCfg = Release|x64
		{BF4AFF33-78A1-4463-92F9-674431C8B4E5}.Release|x64.Build.0 = Release|x64
		{BF4AFF33-78A1-4463-92F9-674431C8B4E5}.Release|x86.ActiveCfg = Release|Win32
		{BF4AFF33-78A1-4463-92F9-674431C8B4E5}.Release|x86.Build.0 = Release|Win32
		{36FF5B14-A73A-40A7-95D0-906E1FC29756}.Debug|x64.ActiveCfg = Debug|x64
		{36FF5B14-A73A-40A7-95D0-906E1FC29756}.Debug|x64.Build.0 = Debug|x64
		{36FF5B14-A73A-40A7-95D0-906E1FC29756}.Debug|x86.ActiveCfg = Debug|Win32
		{36FF5B14-A73A-40A7-95D0-906E1FC29756}.Debug|x86.Build.0 = Debug|Win32
		{36FF5B14-A73A-40A7-95D0-906E1FC29756}.Release|x64.ActiveCfg = Release|x64
		{36FF5B14-A73A-40A7-95D0-906E1FC29756}.Release|x64.Build.0 = Release|x64
		{36FF5B14-A73A-40A7-95D0-906E1FC29756}.Release|x86.ActiveCfg = Release|Win32
		{36FF5B14-A73A-40A7-95D0-906E1FC29756}.Release|x86.Build.0 = Release|Win32
		{16D87B90-0C9F-45F0-B2C6-EF83212127BD}.Debug|x64.ActiveCfg = Debug|x64
		{16D87B90-0C9F-45F0-B2C6-EF83212127BD}.Debug|x64.Build.0 = Debug|x64
		{16D87B90-0C9F-45F0-B2C6-EF83212127BD}.Debug|x86.ActiveCfg = Debug|Win32
		{16D87B90-0C9F-45F0-B2C6-EF83212127BD}.Debug|x86.Build.0 = Debug|Win32
		{16D87B90-0C9F-45F0-B2C6-EF83212127BD}.Release|x64.ActiveCfg = Release|x64
		{16D87B90-0C9F-45F0-B2C6-EF83212127BD}.Release|x64.Build.0 = Release|x64
		{16D87B90-0C9F-45F0-B2C6-EF83212127BD}.Release|x86.ActiveCfg = Release|Win32
		{16D87B90-0C9F-45F0-B2C6-EF83212127BD}.Release|x86.Build.0 = Release|Win32
		{FB0C8270-5D44-4128-B00C-EEC543D10E6B}.Debug|x64.ActiveCfg = Debug|x64
		{FB0C8270-5D44-4128-B00C-EEC543D10E6B}.Debug|x64.Build.0 = Debug|x64
		{FB0C8270-5D44-4128-B00C-EEC543D10E6B}.Debug|x86.ActiveCfg = Debug|Win32
		{FB0C8270-5D44-4128-B00C-EEC543D10E6B}.Debug|x86.Build.0 = Debug|Win32
		{FB0C8270-5D44-4128-B00C-EEC543D10E6B}.Release|x64.ActiveCfg = Release|x64
		{FB0C8270-5D44-4128-B00C-EEC543D10E6B}.Release|x64.Build.0 = Release|x64
		{FB0C8270-5D44-4128-B00C-EEC543D10E6B}.Release|x86.ActiveCfg = Release|Win32
		{FB0C8270-5D44-4128-B00C-EEC543D10E6B}.Release|x86.Build.0 = Release|Win32
		{C2C873C2-9366-4670-9D4A-361F4150BA8B}.Debug|x64.ActiveCfg = Debug|x64
		{C2C873C2-9366-4670-9D4A-361F4150BA8B}.Debug|x64.Build.0 = Debug|x64
		{C2C873C2-9366-4670-9D4A-361F4150BA8B}.Debug|x86.ActiveCfg = Debug|Win32
		{C2C873C2-9366-4670-9D4A-361F4150BA8B}.Debug|x86.Build.0 = Debug|Win32
		{C2C873C2-9366-4670-9D4A-361F4150BA8B}.Release|x64.ActiveCfg = Release|x64
		{C2C873C2-9366-4670-9D4A-361F4150BA8B}.Release|x64.Build.0 = Release|x64
		{C2C873C2-9366-4670-9D4A-361F4150BA8B}.Release|x86.ActiveCfg = Release|Win32
		{C2C873C2-9366-4670-9D4A-361F4150BA8B}.Release|x86.Build.0 = Release|Win32
		{79ADC949-DD04-4B7C-987A-F634A7011DD0}.Debug|x64.ActiveCfg = Debug|x64
		{79ADC949-DD04-4B7C-987A-F634A7011DD0}.Debug|x64.Build.0 = Debug|x64
		{79ADC949-DD04-4B7C-987A-F634A7011DD0}.Debug|x86.ActiveCfg = Debug|Win32
		{79ADC949-DD04-4B7C-987A-F634A7011DD0}.Debug|x86.Build.0 = Debug|Win32
		{79ADC949-DD04-4B7C-987A-F634A7011DD0}.Release|x64.ActiveCfg = Release|x64
		{79ADC949-DD04-4B7C-987A-F634A7011DD0}.Release|x64.Build.0 = Release|x64
		{79ADC949-DD04-4B7C-987A-F634A7011DD0}.Release|x86.ActiveCfg = Release|Win32
		{79ADC949-DD04-4B7C-987A-F634A7011DD0}.Release|x86.Build.0 = Release|Win32
		{2F437701-A08A-40CE-9352-12608167FD50}.Debug|x64.ActiveCfg = Debug|x64
		{2F437701-A08A-40CE-9352-12608167FD50}.Debug|x64.Build.0 = Debug|x64
		{2F437701-A08A-40CE-9352-12608167FD50}.Debug|x86.ActiveCfg = Debug|Win32
		{2F437701-A08A-40CE-9352-12608167FD50}.Debug|x86.Build.0 = Debug|Win32
		{2F437701-A08A-40CE-9352-12608167FD50}.Release|x64.ActiveCfg = Release|x64
		{2F437701-A08A-40CE-9352-12608167FD50}.Release|x64.Build.0 = Release|x64
		{2F437701-A08A-40CE-9352-12608167FD50}.Release|x86.ActiveCfg = Release|Win32
		{2F437701-A08A-40CE-9352-12608167FD50}.Release|x86.Build.0 = Release|Win32
	EndGlobalSection
	GlobalSection(SolutionProperties) = preSolution
		HideSolutionNode = FALSE
	EndGlobalSection
	GlobalSection(ExtensibilityGlobals) = postSolution
		SolutionGuid = {0A0E2511-7425-4DDF-8B15-87D2D6C01FD5}
	EndGlobalSection
EndGlobal
