
Microsoft Visual Studio Solution File, Format Version 12.00
# Visual Studio Version 16
VisualStudioVersion = 16.0.30503.244
MinimumVisualStudioVersion = 10.0.40219.1
Project("{8BC9CEB8-8B4A-11D0-8D11-00A0C91BC942}") = "1", "1\1.vcxproj", "{D0C09E5A-BB19-443B-8049-C30F43EDDCDE}"
EndProject
Project("{8BC9CEB8-8B4A-11D0-8D11-00A0C91BC942}") = "2", "2\2.vcxproj", "{8554E234-A70F-4C6A-AE4A-F6AC97FA5093}"
EndProject
Project("{8BC9CEB8-8B4A-11D0-8D11-00A0C91BC942}") = "3", "3\3.vcxproj", "{57A75294-81F7-493F-955D-EEFD72854B32}"
EndProject
Project("{8BC9CEB8-8B4A-11D0-8D11-00A0C91BC942}") = "4", "4\4.vcxproj", "{BF4AFF33-78A1-4463-92F9-674431C8B4E5}"
EndProject
Global
	GlobalSection(SolutionConfigurationPlatforms) = preSolution
		Debug|x64 = Debug|x64
		Debug|x86 = Debug|x86
		Release|x64 = Release|x64
		Release|x86 = Release|x86
	EndGlobalSection
	GlobalSection(ProjectConfigurationPlatforms) = postSolution
		{D0C09E5A-BB19-443B-8049-C30F43EDDCDE}.Debug|x64.ActiveCfg = Debug|x64
		{D0C09E5A-BB19-443B-8049-C30F43EDDCDE}.Debug|x64.Build.0 = Debug|x64
		{D0C09E5A-BB19-443B-8049-C30F43EDDCDE}.Debug|x86.ActiveCfg = Debug|Win32
		{D0C09E5A-BB19-443B-8049-C30F43EDDCDE}.Debug|x86.Build.0 = Debug|Win32
		{D0C09E5A-BB19-443B-8049-C30F43EDDCDE}.Release|x64.ActiveCfg = Release|x64
		{D0C09E5A-BB19-443B-8049-C30F43EDDCDE}.Release|x64.Build.0 = Release|x64
		{D0C09E5A-BB19-443B-8049-C30F43EDDCDE}.Release|x86.ActiveCfg = Release|Win32
		{D0C09E5A-BB19-443B-8049-C30F43EDDCDE}.Release|x86.Build.0 = Release|Win32
		{8554E234-A70F-4C6A-AE4A-F6AC97FA5093}.Debug|x64.ActiveCfg = Debug|x64
		{8554E234-A70F-4C6A-AE4A-F6AC97FA5093}.Debug|x64.Build.0 = Debug|x64
		{8554E234-A70F-4C6A-AE4A-F6AC97FA5093}.Debug|x86.ActiveCfg = Debug|Win32
		{8554E234-A70F-4C6A-AE4A-F6AC97FA5093}.Debug|x86.Build.0 = Debug|Win32
		{8554E234-A70F-4C6A-AE4A-F6AC97FA5093}.Release|x64.ActiveCfg = Release|x64
		{8554E234-A70F-4C6A-AE4A-F6AC97FA5093}.Release|x64.Build.0 = Release|x64
		{8554E234-A70F-4C6A-AE4A-F6AC97FA5093}.Release|x86.ActiveCfg = Release|Win32
		{8554E234-A70F-4C6A-AE4A-F6AC97FA5093}.Release|x86.Build.0 = Release|Win32
		{57A75294-81F7-493F-955D-EEFD72854B32}.Debug|x64.ActiveCfg = Debug|x64
		{57A75294-81F7-493F-955D-EEFD72854B32}.Debug|x64.Build.0 = Debug|x64
		{57A75294-81F7-493F-955D-EEFD72854B32}.Debug|x86.ActiveCfg = Debug|Win32
		{57A75294-81F7-493F-955D-EEFD72854B32}.Debug|x86.Build.0 = Debug|Win32
		{57A75294-81F7-493F-955D-EEFD72854B32}.Release|x64.ActiveCfg = Release|x64
		{57A75294-81F7-493F-955D-EEFD72854B32}.Release|x64.Build.0 = Release|x64
		{57A75294-81F7-493F-955D-EEFD72854B32}.Release|x86.ActiveCfg = Release|Win32
		{57A75294-81F7-493F-955D-EEFD72854B32}.Release|x86.Build.0 = Release|Win32
		{BF4AFF33-78A1-4463-92F9-674431C8B4E5}.Debug|x64.ActiveCfg = Debug|x64
		{BF4AFF33-78A1-4463-92F9-674431C8B4E5}.Debug|x64.Build.0 = Debug|x64
		{BF4AFF33-78A1-4463-92F9-674431C8B4E5}.Debug|x86.ActiveCfg = Debug|Win32
		{BF4AFF33-78A1-4463-92F9-674431C8B4E5}.Debug|x86.Build.0 = Debug|Win32
		{BF4AFF33-78A1-4463-92F9-674431C8B4E5}.Release|x64.ActiveCfg = Release|x64
		{BF4AFF33-78A1-4463-92F9-674431C8B4E5}.Release|x64.Build.0 = Release|x64
		{BF4AFF33-78A1-4463-92F9-674431C8B4E5}.Release|x86.ActiveCfg = Release|Win32
		{BF4AFF33-78A1-4463-92F9-674431C8B4E5}.Release|x86.Build.0 = Release|Win32
	EndGlobalSection
	GlobalSection(SolutionProperties) = preSolution
		HideSolutionNode = FALSE
	EndGlobalSection
	GlobalSection(ExtensibilityGlobals) = postSolution
		SolutionGuid = {0A0E2511-7425-4DDF-8B15-87D2D6C01FD5}
	EndGlobalSection
EndGlobal
